
Microsoft Visual Studio Solution File, Format Version 12.00
# Visual Studio 2013
VisualStudioVersion = 12.0.31101.0
MinimumVisualStudioVersion = 10.0.40219.1
Project("{888888A0-9F3D-457C-B088-3A5042F75D52}") = "HelloWorld", "HelloWorld\HelloWorld.pyproj", "{AC300EA4-CFA2-4FDC-B590-EB550C7E166A}"
EndProject
Project("{888888A0-9F3D-457C-B088-3A5042F75D52}") = "String", "input\String.pyproj", "{DE144914-2D7C-489C-9AB8-6AD4DC515B81}"
EndProject
Project("{888888A0-9F3D-457C-B088-3A5042F75D52}") = "Numbers", "numbers\Numbers.pyproj", "{7A92AB0C-921C-465A-9403-7A79C7429120}"
EndProject
Project("{888888A0-9F3D-457C-B088-3A5042F75D52}") = "Date", "Date\Date.pyproj", "{5949232D-F3D5-4557-B5A9-D2750E9892B9}"
EndProject
Global
	GlobalSection(SolutionConfigurationPlatforms) = preSolution
		Debug|Any CPU = Debug|Any CPU
		Release|Any CPU = Release|Any CPU
	EndGlobalSection
	GlobalSection(ProjectConfigurationPlatforms) = postSolution
		{AC300EA4-CFA2-4FDC-B590-EB550C7E166A}.Debug|Any CPU.ActiveCfg = Debug|Any CPU
		{AC300EA4-CFA2-4FDC-B590-EB550C7E166A}.Release|Any CPU.ActiveCfg = Release|Any CPU
		{DE144914-2D7C-489C-9AB8-6AD4DC515B81}.Debug|Any CPU.ActiveCfg = Debug|Any CPU
		{DE144914-2D7C-489C-9AB8-6AD4DC515B81}.Release|Any CPU.ActiveCfg = Release|Any CPU
		{7A92AB0C-921C-465A-9403-7A79C7429120}.Debug|Any CPU.ActiveCfg = Debug|Any CPU
		{7A92AB0C-921C-465A-9403-7A79C7429120}.Release|Any CPU.ActiveCfg = Release|Any CPU
		{5949232D-F3D5-4557-B5A9-D2750E9892B9}.Debug|Any CPU.ActiveCfg = Debug|Any CPU
		{5949232D-F3D5-4557-B5A9-D2750E9892B9}.Release|Any CPU.ActiveCfg = Release|Any CPU
	EndGlobalSection
	GlobalSection(SolutionProperties) = preSolution
		HideSolutionNode = FALSE
	EndGlobalSection
EndGlobal
